
Microsoft Visual Studio Solution File, Format Version 12.00
# Visual Studio Version 17
VisualStudioVersion = 17.3.32929.385
MinimumVisualStudioVersion = 10.0.40219.1
Project("{9A19103F-16F7-4668-BE54-9A1E7A4F7556}") = "Domain", "ManagementApp\Domain.csproj", "{1E79473F-E7FB-4A1A-8203-994ADACEE267}"
EndProject
Project("{FAE04EC0-301F-11D3-BF4B-00C04F79EFBC}") = "Application", "Application\Application.csproj", "{6A15749E-56B1-4EC1-820D-96EA26EBA095}"
EndProject
Project("{FAE04EC0-301F-11D3-BF4B-00C04F79EFBC}") = "ConsolePresentation", "Domain\ConsolePresentation.csproj", "{31D1E3C7-2C99-4B8E-B2BF-A49142D2E0ED}"
EndProject
Project("{FAE04EC0-301F-11D3-BF4B-00C04F79EFBC}") = "Infrastructure", "Infrastructure\Infrastructure.csproj", "{BC8029D3-783D-4B7E-BBA5-75CAF6126D66}"
EndProject
Global
	GlobalSection(SolutionConfigurationPlatforms) = preSolution
		Debug|Any CPU = Debug|Any CPU
		Release|Any CPU = Release|Any CPU
	EndGlobalSection
	GlobalSection(ProjectConfigurationPlatforms) = postSolution
		{1E79473F-E7FB-4A1A-8203-994ADACEE267}.Debug|Any CPU.ActiveCfg = Debug|Any CPU
		{1E79473F-E7FB-4A1A-8203-994ADACEE267}.Debug|Any CPU.Build.0 = Debug|Any CPU
		{1E79473F-E7FB-4A1A-8203-994ADACEE267}.Release|Any CPU.ActiveCfg = Release|Any CPU
		{1E79473F-E7FB-4A1A-8203-994ADACEE267}.Release|Any CPU.Build.0 = Release|Any CPU
		{6A15749E-56B1-4EC1-820D-96EA26EBA095}.Debug|Any CPU.ActiveCfg = Debug|Any CPU
		{6A15749E-56B1-4EC1-820D-96EA26EBA095}.Debug|Any CPU.Build.0 = Debug|Any CPU
		{6A15749E-56B1-4EC1-820D-96EA26EBA095}.Release|Any CPU.ActiveCfg = Release|Any CPU
		{6A15749E-56B1-4EC1-820D-96EA26EBA095}.Release|Any CPU.Build.0 = Release|Any CPU
		{31D1E3C7-2C99-4B8E-B2BF-A49142D2E0ED}.Debug|Any CPU.ActiveCfg = Debug|Any CPU
		{31D1E3C7-2C99-4B8E-B2BF-A49142D2E0ED}.Debug|Any CPU.Build.0 = Debug|Any CPU
		{31D1E3C7-2C99-4B8E-B2BF-A49142D2E0ED}.Release|Any CPU.ActiveCfg = Release|Any CPU
		{31D1E3C7-2C99-4B8E-B2BF-A49142D2E0ED}.Release|Any CPU.Build.0 = Release|Any CPU
		{BC8029D3-783D-4B7E-BBA5-75CAF6126D66}.Debug|Any CPU.ActiveCfg = Debug|Any CPU
		{BC8029D3-783D-4B7E-BBA5-75CAF6126D66}.Debug|Any CPU.Build.0 = Debug|Any CPU
		{BC8029D3-783D-4B7E-BBA5-75CAF6126D66}.Release|Any CPU.ActiveCfg = Release|Any CPU
		{BC8029D3-783D-4B7E-BBA5-75CAF6126D66}.Release|Any CPU.Build.0 = Release|Any CPU
	EndGlobalSection
	GlobalSection(SolutionProperties) = preSolution
		HideSolutionNode = FALSE
	EndGlobalSection
	GlobalSection(ExtensibilityGlobals) = postSolution
		SolutionGuid = {96544C84-7DFA-48D8-B35F-81DFFAF063A4}
	EndGlobalSection
EndGlobal
